{
  "name": "error-response-page",
  "lockfileVersion": 3,
  "requires": true,
  "packages": {
    "": {
      "dependencies": {
        "dfe-frontend": "^2.0.1",
        "govuk-frontend": "^5.3.1"
      }
    },
    "node_modules/dfe-frontend": {
      "version": "2.0.1",
      "resolved": "https://registry.npmjs.org/dfe-frontend/-/dfe-frontend-2.0.1.tgz",
      "integrity": "sha512-HwNu93gFPHKe0CvuXN9JAQrZIYsFa81IsY5kyt1AAV3zsLQpBXZQXnJyVPtbAZ+n0unV/Uimv3vHrGVHqzmxXA==",
      "dependencies": {
        "govuk-frontend": "^5.3.1"
      }
    },
    "node_modules/govuk-frontend": {
      "version": "5.3.1",
      "resolved": "https://registry.npmjs.org/govuk-frontend/-/govuk-frontend-5.3.1.tgz",
      "integrity": "sha512-EzegdVdmZVwXUGTQTsBgK4TkMpMyPdOIa2g1kvwX7EeyP9Kah+amXSo97gbiI8N49L6E0J6/2H6qLW4QN3KhMQ==",
      "engines": {
        "node": ">= 4.2.0"
      }
    }
  }
}
